{
  "name": "@theia/task",
  "version": "0.2.0",
  "lockfileVersion": 1,
  "requires": true,
  "dependencies": {
    "require-strip-json-comments": {
      "version": "1.0.2",
      "resolved": "https://registry.npmjs.org/require-strip-json-comments/-/require-strip-json-comments-1.0.2.tgz",
      "integrity": "sha1-6LNF1lMoaYcFbgLVKNE8qXHCGGE=",
      "dev": true,
      "requires": {
        "strip-json-comments": "2.0.1"
      }
    }
  }
}